
Microsoft Visual Studio Solution File, Format Version 12.00
# Visual Studio 2012
Project("{FAE04EC0-301F-11D3-BF4B-00C04F79EFBC}") = "QuadcopterSimulation", "QuadcopterSimulation\QuadcopterSimulation.csproj", "{8DF2D8BE-BFF6-44D8-8D4C-4CF7B149E41B}"
EndProject
Global
	GlobalSection(SolutionConfigurationPlatforms) = preSolution
		Debug|Any CPU = Debug|Any CPU
		Release|Any CPU = Release|Any CPU
	EndGlobalSection
	GlobalSection(ProjectConfigurationPlatforms) = postSolution
		{8DF2D8BE-BFF6-44D8-8D4C-4CF7B149E41B}.Debug|Any CPU.ActiveCfg = Debug|Any CPU
		{8DF2D8BE-BFF6-44D8-8D4C-4CF7B149E41B}.Debug|Any CPU.Build.0 = Debug|Any CPU
		{8DF2D8BE-BFF6-44D8-8D4C-4CF7B149E41B}.Release|Any CPU.ActiveCfg = Release|Any CPU
		{8DF2D8BE-BFF6-44D8-8D4C-4CF7B149E41B}.Release|Any CPU.Build.0 = Release|Any CPU
	EndGlobalSection
	GlobalSection(SolutionProperties) = preSolution
		HideSolutionNode = FALSE
	EndGlobalSection
EndGlobal
